
Microsoft Visual Studio Solution File, Format Version 12.00
# Visual Studio Version 16
VisualStudioVersion = 16.0.29326.143
MinimumVisualStudioVersion = 10.0.40219.1
Project("{888888A0-9F3D-457C-B088-3A5042F75D52}") = "search", "search.pyproj", "{DC9ED7E2-2464-4A0B-AAB2-89DC7B653929}"
EndProject
Global
	GlobalSection(SolutionConfigurationPlatforms) = preSolution
		Debug|Any CPU = Debug|Any CPU
		Release|Any CPU = Release|Any CPU
	EndGlobalSection
	GlobalSection(ProjectConfigurationPlatforms) = postSolution
		{DC9ED7E2-2464-4A0B-AAB2-89DC7B653929}.Debug|Any CPU.ActiveCfg = Debug|Any CPU
		{DC9ED7E2-2464-4A0B-AAB2-89DC7B653929}.Release|Any CPU.ActiveCfg = Release|Any CPU
	EndGlobalSection
	GlobalSection(SolutionProperties) = preSolution
		HideSolutionNode = FALSE
	EndGlobalSection
	GlobalSection(ExtensibilityGlobals) = postSolution
		SolutionGuid = {2B742F85-A76F-43F2-A986-B4A213122011}
	EndGlobalSection
EndGlobal
